// !$*UTF8*$!
{
	archiveVersion = 1;
	classes = {
	};
	objectVersion = 56;
	objects = {

/* Begin PBXBuildFile section */
		41549DE629236F7F00AD6E7F /* LiveActivityDemoApp.swift in Sources */ = {isa = PBXBuildFile; fileRef = 41549DE529236F7F00AD6E7F /* LiveActivityDemoApp.swift */; };
		41549DE829236F7F00AD6E7F /* ContentView.swift in Sources */ = {isa = PBXBuildFile; fileRef = 41549DE729236F7F00AD6E7F /* ContentView.swift */; };
		41549DEA29236F8000AD6E7F /* Assets.xcassets in Resources */ = {isa = PBXBuildFile; fileRef = 41549DE929236F8000AD6E7F /* Assets.xcassets */; };
		41549DED29236F8000AD6E7F /* Preview Assets.xcassets in Resources */ = {isa = PBXBuildFile; fileRef = 41549DEC29236F8000AD6E7F /* Preview Assets.xcassets */; };
		41549DF429236F9500AD6E7F /* LiveActivityUtils.swift in Sources */ = {isa = PBXBuildFile; fileRef = 41549DF329236F9500AD6E7F /* LiveActivityUtils.swift */; };
		41549DF629236FAB00AD6E7F /* Home.swift in Sources */ = {isa = PBXBuildFile; fileRef = 41549DF529236FAB00AD6E7F /* Home.swift */; };
		41549DF829236FBC00AD6E7F /* ViewUtils.swift in Sources */ = {isa = PBXBuildFile; fileRef = 41549DF729236FBC00AD6E7F /* ViewUtils.swift */; };
		41549E0029236FF800AD6E7F /* WidgetKit.framework in Frameworks */ = {isa = PBXBuildFile; fileRef = 41549DFF29236FF800AD6E7F /* WidgetKit.framework */; };
		41549E0229236FF800AD6E7F /* SwiftUI.framework in Frameworks */ = {isa = PBXBuildFile; fileRef = 41549E0129236FF800AD6E7F /* SwiftUI.framework */; };
		41549E0529236FF800AD6E7F /* MyWidgetBundle.swift in Sources */ = {isa = PBXBuildFile; fileRef = 41549E0429236FF800AD6E7F /* MyWidgetBundle.swift */; };
		41549E0729236FF800AD6E7F /* MyWidgetLiveActivity.swift in Sources */ = {isa = PBXBuildFile; fileRef = 41549E0629236FF800AD6E7F /* MyWidgetLiveActivity.swift */; };
		41549E0929236FF800AD6E7F /* MyWidget.swift in Sources */ = {isa = PBXBuildFile; fileRef = 41549E0829236FF800AD6E7F /* MyWidget.swift */; };
		41549E0C29236FFB00AD6E7F /* Assets.xcassets in Resources */ = {isa = PBXBuildFile; fileRef = 41549E0B29236FFB00AD6E7F /* Assets.xcassets */; };
		41549E0E29236FFB00AD6E7F /* MyWidget.intentdefinition in Sources */ = {isa = PBXBuildFile; fileRef = 41549E0A29236FF800AD6E7F /* MyWidget.intentdefinition */; };
		41549E0F29236FFB00AD6E7F /* MyWidget.intentdefinition in Sources */ = {isa = PBXBuildFile; fileRef = 41549E0A29236FF800AD6E7F /* MyWidget.intentdefinition */; };
		41549E1229236FFB00AD6E7F /* MyWidgetExtension.appex in Embed Foundation Extensions */ = {isa = PBXBuildFile; fileRef = 41549DFD29236FF800AD6E7F /* MyWidgetExtension.appex */; settings = {ATTRIBUTES = (RemoveHeadersOnCopy, ); }; };
		41549E172923700C00AD6E7F /* ViewUtils.swift in Sources */ = {isa = PBXBuildFile; fileRef = 41549DF729236FBC00AD6E7F /* ViewUtils.swift */; };
		41549E182923701400AD6E7F /* MyWidgetLiveActivity.swift in Sources */ = {isa = PBXBuildFile; fileRef = 41549E0629236FF800AD6E7F /* MyWidgetLiveActivity.swift */; };
		41549E1B292371E500AD6E7F /* ActivityKit.framework in Frameworks */ = {isa = PBXBuildFile; fileRef = 41549E1A292371E500AD6E7F /* ActivityKit.framework */; };
		41549E1E292372DC00AD6E7F /* ActivityKit.framework in Frameworks */ = {isa = PBXBuildFile; fileRef = 41549E1A292371E500AD6E7F /* ActivityKit.framework */; };
		41549E20292372E200AD6E7F /* UserNotifications.framework in Frameworks */ = {isa = PBXBuildFile; fileRef = 41549E1F292372E200AD6E7F /* UserNotifications.framework */; };
/* End PBXBuildFile section */

/* Begin PBXContainerItemProxy section */
		41549E1029236FFB00AD6E7F /* PBXContainerItemProxy */ = {
			isa = PBXContainerItemProxy;
			containerPortal = 41549DDA29236F7F00AD6E7F /* Project object */;
			proxyType = 1;
			remoteGlobalIDString = 41549DFC29236FF800AD6E7F;
			remoteInfo = MyWidgetExtension;
		};
/* End PBXContainerItemProxy section */

/* Begin PBXCopyFilesBuildPhase section */
		41549E1629236FFB00AD6E7F /* Embed Foundation Extensions */ = {
			isa = PBXCopyFilesBuildPhase;
			buildActionMask = 2147483647;
			dstPath = "";
			dstSubfolderSpec = 13;
			files = (
				41549E1229236FFB00AD6E7F /* MyWidgetExtension.appex in Embed Foundation Extensions */,
			);
			name = "Embed Foundation Extensions";
			runOnlyForDeploymentPostprocessing = 0;
		};
/* End PBXCopyFilesBuildPhase section */

/* Begin PBXFileReference section */
		41549DE229236F7F00AD6E7F /* LiveActivityDemo.app */ = {isa = PBXFileReference; explicitFileType = wrapper.application; includeInIndex = 0; path = LiveActivityDemo.app; sourceTree = BUILT_PRODUCTS_DIR; };
		41549DE529236F7F00AD6E7F /* LiveActivityDemoApp.swift */ = {isa = PBXFileReference; lastKnownFileType = sourcecode.swift; path = LiveActivityDemoApp.swift; sourceTree = "<group>"; };
		41549DE729236F7F00AD6E7F /* ContentView.swift */ = {isa = PBXFileReference; lastKnownFileType = sourcecode.swift; path = ContentView.swift; sourceTree = "<group>"; };
		41549DE929236F8000AD6E7F /* Assets.xcassets */ = {isa = PBXFileReference; lastKnownFileType = folder.assetcatalog; path = Assets.xcassets; sourceTree = "<group>"; };
		41549DEC29236F8000AD6E7F /* Preview Assets.xcassets */ = {isa = PBXFileReference; lastKnownFileType = folder.assetcatalog; path = "Preview Assets.xcassets"; sourceTree = "<group>"; };
		41549DF329236F9500AD6E7F /* LiveActivityUtils.swift */ = {isa = PBXFileReference; lastKnownFileType = sourcecode.swift; path = LiveActivityUtils.swift; sourceTree = "<group>"; };
		41549DF529236FAB00AD6E7F /* Home.swift */ = {isa = PBXFileReference; lastKnownFileType = sourcecode.swift; path = Home.swift; sourceTree = "<group>"; };
		41549DF729236FBC00AD6E7F /* ViewUtils.swift */ = {isa = PBXFileReference; lastKnownFileType = sourcecode.swift; path = ViewUtils.swift; sourceTree = "<group>"; };
		41549DFD29236FF800AD6E7F /* MyWidgetExtension.appex */ = {isa = PBXFileReference; explicitFileType = "wrapper.app-extension"; includeInIndex = 0; path = MyWidgetExtension.appex; sourceTree = BUILT_PRODUCTS_DIR; };
		41549DFF29236FF800AD6E7F /* WidgetKit.framework */ = {isa = PBXFileReference; lastKnownFileType = wrapper.framework; name = WidgetKit.framework; path = System/Library/Frameworks/WidgetKit.framework; sourceTree = SDKROOT; };
		41549E0129236FF800AD6E7F /* SwiftUI.framework */ = {isa = PBXFileReference; lastKnownFileType = wrapper.framework; name = SwiftUI.framework; path = System/Library/Frameworks/SwiftUI.framework; sourceTree = SDKROOT; };
		41549E0429236FF800AD6E7F /* MyWidgetBundle.swift */ = {isa = PBXFileReference; lastKnownFileType = sourcecode.swift; path = MyWidgetBundle.swift; sourceTree = "<group>"; };
		41549E0629236FF800AD6E7F /* MyWidgetLiveActivity.swift */ = {isa = PBXFileReference; lastKnownFileType = sourcecode.swift; path = MyWidgetLiveActivity.swift; sourceTree = "<group>"; };
		41549E0829236FF800AD6E7F /* MyWidget.swift */ = {isa = PBXFileReference; lastKnownFileType = sourcecode.swift; path = MyWidget.swift; sourceTree = "<group>"; };
		41549E0A29236FF800AD6E7F /* MyWidget.intentdefinition */ = {isa = PBXFileReference; lastKnownFileType = file.intentdefinition; path = MyWidget.intentdefinition; sourceTree = "<group>"; };
		41549E0B29236FFB00AD6E7F /* Assets.xcassets */ = {isa = PBXFileReference; lastKnownFileType = folder.assetcatalog; path = Assets.xcassets; sourceTree = "<group>"; };
		41549E0D29236FFB00AD6E7F /* Info.plist */ = {isa = PBXFileReference; lastKnownFileType = text.plist.xml; path = Info.plist; sourceTree = "<group>"; };
		41549E192923708D00AD6E7F /* MyWidgetExtension.entitlements */ = {isa = PBXFileReference; lastKnownFileType = text.plist.entitlements; path = MyWidgetExtension.entitlements; sourceTree = "<group>"; };
		41549E1A292371E500AD6E7F /* ActivityKit.framework */ = {isa = PBXFileReference; lastKnownFileType = wrapper.framework; name = ActivityKit.framework; path = System/Library/Frameworks/ActivityKit.framework; sourceTree = SDKROOT; };
		41549E1C2923720D00AD6E7F /* LiveActivityDemo.entitlements */ = {isa = PBXFileReference; lastKnownFileType = text.plist.entitlements; path = LiveActivityDemo.entitlements; sourceTree = "<group>"; };
		41549E1D2923726F00AD6E7F /* Info.plist */ = {isa = PBXFileReference; lastKnownFileType = text.plist; path = Info.plist; sourceTree = "<group>"; };
		41549E1F292372E200AD6E7F /* UserNotifications.framework */ = {isa = PBXFileReference; lastKnownFileType = wrapper.framework; name = UserNotifications.framework; path = System/Library/Frameworks/UserNotifications.framework; sourceTree = SDKROOT; };
/* End PBXFileReference section */

/* Begin PBXFrameworksBuildPhase section */
		41549DDF29236F7F00AD6E7F /* Frameworks */ = {
			isa = PBXFrameworksBuildPhase;
			buildActionMask = 2147483647;
			files = (
				41549E20292372E200AD6E7F /* UserNotifications.framework in Frameworks */,
				41549E1E292372DC00AD6E7F /* ActivityKit.framework in Frameworks */,
			);
			runOnlyForDeploymentPostprocessing = 0;
		};
		41549DFA29236FF800AD6E7F /* Frameworks */ = {
			isa = PBXFrameworksBuildPhase;
			buildActionMask = 2147483647;
			files = (
				41549E1B292371E500AD6E7F /* ActivityKit.framework in Frameworks */,
				41549E0229236FF800AD6E7F /* SwiftUI.framework in Frameworks */,
				41549E0029236FF800AD6E7F /* WidgetKit.framework in Frameworks */,
			);
			runOnlyForDeploymentPostprocessing = 0;
		};
/* End PBXFrameworksBuildPhase section */

/* Begin PBXGroup section */
		41549DD929236F7F00AD6E7F = {
			isa = PBXGroup;
			children = (
				41549E192923708D00AD6E7F /* MyWidgetExtension.entitlements */,
				41549DE429236F7F00AD6E7F /* LiveActivityDemo */,
				41549E0329236FF800AD6E7F /* MyWidget */,
				41549DFE29236FF800AD6E7F /* Frameworks */,
				41549DE329236F7F00AD6E7F /* Products */,
			);
			sourceTree = "<group>";
		};
		41549DE329236F7F00AD6E7F /* Products */ = {
			isa = PBXGroup;
			children = (
				41549DE229236F7F00AD6E7F /* LiveActivityDemo.app */,
				41549DFD29236FF800AD6E7F /* MyWidgetExtension.appex */,
			);
			name = Products;
			sourceTree = "<group>";
		};
		41549DE429236F7F00AD6E7F /* LiveActivityDemo */ = {
			isa = PBXGroup;
			children = (
				41549E1D2923726F00AD6E7F /* Info.plist */,
				41549E1C2923720D00AD6E7F /* LiveActivityDemo.entitlements */,
				41549DE529236F7F00AD6E7F /* LiveActivityDemoApp.swift */,
				41549DE729236F7F00AD6E7F /* ContentView.swift */,
				41549DF529236FAB00AD6E7F /* Home.swift */,
				41549DE929236F8000AD6E7F /* Assets.xcassets */,
				41549DEB29236F8000AD6E7F /* Preview Content */,
				41549DF329236F9500AD6E7F /* LiveActivityUtils.swift */,
				41549DF729236FBC00AD6E7F /* ViewUtils.swift */,
			);
			path = LiveActivityDemo;
			sourceTree = "<group>";
		};
		41549DEB29236F8000AD6E7F /* Preview Content */ = {
			isa = PBXGroup;
			children = (
				41549DEC29236F8000AD6E7F /* Preview Assets.xcassets */,
			);
			path = "Preview Content";
			sourceTree = "<group>";
		};
		41549DFE29236FF800AD6E7F /* Frameworks */ = {
			isa = PBXGroup;
			children = (
				41549E1F292372E200AD6E7F /* UserNotifications.framework */,
				41549E1A292371E500AD6E7F /* ActivityKit.framework */,
				41549DFF29236FF800AD6E7F /* WidgetKit.framework */,
				41549E0129236FF800AD6E7F /* SwiftUI.framework */,
			);
			name = Frameworks;
			sourceTree = "<group>";
		};
		41549E0329236FF800AD6E7F /* MyWidget */ = {
			isa = PBXGroup;
			children = (
				41549E0429236FF800AD6E7F /* MyWidgetBundle.swift */,
				41549E0629236FF800AD6E7F /* MyWidgetLiveActivity.swift */,
				41549E0829236FF800AD6E7F /* MyWidget.swift */,
				41549E0A29236FF800AD6E7F /* MyWidget.intentdefinition */,
				41549E0B29236FFB00AD6E7F /* Assets.xcassets */,
				41549E0D29236FFB00AD6E7F /* Info.plist */,
			);
			path = MyWidget;
			sourceTree = "<group>";
		};
/* End PBXGroup section */

/* Begin PBXNativeTarget section */
		41549DE129236F7F00AD6E7F /* LiveActivityDemo */ = {
			isa = PBXNativeTarget;
			buildConfigurationList = 41549DF029236F8000AD6E7F /* Build configuration list for PBXNativeTarget "LiveActivityDemo" */;
			buildPhases = (
				41549DDE29236F7F00AD6E7F /* Sources */,
				41549DDF29236F7F00AD6E7F /* Frameworks */,
				41549DE029236F7F00AD6E7F /* Resources */,
				41549E1629236FFB00AD6E7F /* Embed Foundation Extensions */,
			);
			buildRules = (
			);
			dependencies = (
				41549E1129236FFB00AD6E7F /* PBXTargetDependency */,
			);
			name = LiveActivityDemo;
			productName = LiveActivityDemo;
			productReference = 41549DE229236F7F00AD6E7F /* LiveActivityDemo.app */;
			productType = "com.apple.product-type.application";
		};
		41549DFC29236FF800AD6E7F /* MyWidgetExtension */ = {
			isa = PBXNativeTarget;
			buildConfigurationList = 41549E1329236FFB00AD6E7F /* Build configuration list for PBXNativeTarget "MyWidgetExtension" */;
			buildPhases = (
				41549DF929236FF800AD6E7F /* Sources */,
				41549DFA29236FF800AD6E7F /* Frameworks */,
				41549DFB29236FF800AD6E7F /* Resources */,
			);
			buildRules = (
			);
			dependencies = (
			);
			name = MyWidgetExtension;
			productName = MyWidgetExtension;
			productReference = 41549DFD29236FF800AD6E7F /* MyWidgetExtension.appex */;
			productType = "com.apple.product-type.app-extension";
		};
/* End PBXNativeTarget section */

/* Begin PBXProject section */
		41549DDA29236F7F00AD6E7F /* Project object */ = {
			isa = PBXProject;
			attributes = {
				BuildIndependentTargetsInParallel = 1;
				LastSwiftUpdateCheck = 1410;
				LastUpgradeCheck = 1410;
				TargetAttributes = {
					41549DE129236F7F00AD6E7F = {
						CreatedOnToolsVersion = 14.1;
					};
					41549DFC29236FF800AD6E7F = {
						CreatedOnToolsVersion = 14.1;
					};
				};
			};
			buildConfigurationList = 41549DDD29236F7F00AD6E7F /* Build configuration list for PBXProject "LiveActivityDemo" */;
			compatibilityVersion = "Xcode 14.0";
			developmentRegion = en;
			hasScannedForEncodings = 0;
			knownRegions = (
				en,
				Base,
			);
			mainGroup = 41549DD929236F7F00AD6E7F;
			productRefGroup = 41549DE329236F7F00AD6E7F /* Products */;
			projectDirPath = "";
			projectRoot = "";
			targets = (
				41549DE129236F7F00AD6E7F /* LiveActivityDemo */,
				41549DFC29236FF800AD6E7F /* MyWidgetExtension */,
			);
		};
/* End PBXProject section */

/* Begin PBXResourcesBuildPhase section */
		41549DE029236F7F00AD6E7F /* Resources */ = {
			isa = PBXResourcesBuildPhase;
			buildActionMask = 2147483647;
			files = (
				41549DED29236F8000AD6E7F /* Preview Assets.xcassets in Resources */,
				41549DEA29236F8000AD6E7F /* Assets.xcassets in Resources */,
			);
			runOnlyForDeploymentPostprocessing = 0;
		};
		41549DFB29236FF800AD6E7F /* Resources */ = {
			isa = PBXResourcesBuildPhase;
			buildActionMask = 2147483647;
			files = (
				41549E0C29236FFB00AD6E7F /* Assets.xcassets in Resources */,
			);
			runOnlyForDeploymentPostprocessing = 0;
		};
/* End PBXResourcesBuildPhase section */

/* Begin PBXSourcesBuildPhase section */
		41549DDE29236F7F00AD6E7F /* Sources */ = {
			isa = PBXSourcesBuildPhase;
			buildActionMask = 2147483647;
			files = (
				41549E182923701400AD6E7F /* MyWidgetLiveActivity.swift in Sources */,
				41549E0F29236FFB00AD6E7F /* MyWidget.intentdefinition in Sources */,
				41549DE829236F7F00AD6E7F /* ContentView.swift in Sources */,
				41549DF829236FBC00AD6E7F /* ViewUtils.swift in Sources */,
				41549DE629236F7F00AD6E7F /* LiveActivityDemoApp.swift in Sources */,
				41549DF629236FAB00AD6E7F /* Home.swift in Sources */,
				41549DF429236F9500AD6E7F /* LiveActivityUtils.swift in Sources */,
			);
			runOnlyForDeploymentPostprocessing = 0;
		};
		41549DF929236FF800AD6E7F /* Sources */ = {
			isa = PBXSourcesBuildPhase;
			buildActionMask = 2147483647;
			files = (
				41549E0E29236FFB00AD6E7F /* MyWidget.intentdefinition in Sources */,
				41549E172923700C00AD6E7F /* ViewUtils.swift in Sources */,
				41549E0729236FF800AD6E7F /* MyWidgetLiveActivity.swift in Sources */,
				41549E0529236FF800AD6E7F /* MyWidgetBundle.swift in Sources */,
				41549E0929236FF800AD6E7F /* MyWidget.swift in Sources */,
			);
			runOnlyForDeploymentPostprocessing = 0;
		};
/* End PBXSourcesBuildPhase section */

/* Begin PBXTargetDependency section */
		41549E1129236FFB00AD6E7F /* PBXTargetDependency */ = {
			isa = PBXTargetDependency;
			target = 41549DFC29236FF800AD6E7F /* MyWidgetExtension */;
			targetProxy = 41549E1029236FFB00AD6E7F /* PBXContainerItemProxy */;
		};
/* End PBXTargetDependency section */

/* Begin XCBuildConfiguration section */
		41549DEE29236F8000AD6E7F /* Debug */ = {
			isa = XCBuildConfiguration;
			buildSettings = {
				ALWAYS_SEARCH_USER_PATHS = NO;
				CLANG_ANALYZER_NONNULL = YES;
				CLANG_ANALYZER_NUMBER_OBJECT_CONVERSION = YES_AGGRESSIVE;
				CLANG_CXX_LANGUAGE_STANDARD = "gnu++20";
				CLANG_ENABLE_MODULES = YES;
				CLANG_ENABLE_OBJC_ARC = YES;
				CLANG_ENABLE_OBJC_WEAK = YES;
				CLANG_WARN_BLOCK_CAPTURE_AUTORELEASING = YES;
				CLANG_WARN_BOOL_CONVERSION = YES;
				CLANG_WARN_COMMA = YES;
				CLANG_WARN_CONSTANT_CONVERSION = YES;
				CLANG_WARN_DEPRECATED_OBJC_IMPLEMENTATIONS = YES;
				CLANG_WARN_DIRECT_OBJC_ISA_USAGE = YES_ERROR;
				CLANG_WARN_DOCUMENTATION_COMMENTS = YES;
				CLANG_WARN_EMPTY_BODY = YES;
				CLANG_WARN_ENUM_CONVERSION = YES;
				CLANG_WARN_INFINITE_RECURSION = YES;
				CLANG_WARN_INT_CONVERSION = YES;
				CLANG_WARN_NON_LITERAL_NULL_CONVERSION = YES;
				CLANG_WARN_OBJC_IMPLICIT_RETAIN_SELF = YES;
				CLANG_WARN_OBJC_LITERAL_CONVERSION = YES;
				CLANG_WARN_OBJC_ROOT_CLASS = YES_ERROR;
				CLANG_WARN_QUOTED_INCLUDE_IN_FRAMEWORK_HEADER = YES;
				CLANG_WARN_RANGE_LOOP_ANALYSIS = YES;
				CLANG_WARN_STRICT_PROTOTYPES = YES;
				CLANG_WARN_SUSPICIOUS_MOVE = YES;
				CLANG_WARN_UNGUARDED_AVAILABILITY = YES_AGGRESSIVE;
				CLANG_WARN_UNREACHABLE_CODE = YES;
				CLANG_WARN__DUPLICATE_METHOD_MATCH = YES;
				COPY_PHASE_STRIP = NO;
				DEBUG_INFORMATION_FORMAT = dwarf;
				ENABLE_STRICT_OBJC_MSGSEND = YES;
				ENABLE_TESTABILITY = YES;
				GCC_C_LANGUAGE_STANDARD = gnu11;
				GCC_DYNAMIC_NO_PIC = NO;
				GCC_NO_COMMON_BLOCKS = YES;
				GCC_OPTIMIZATION_LEVEL = 0;
				GCC_PREPROCESSOR_DEFINITIONS = (
					"DEBUG=1",
					"$(inherited)",
				);
				GCC_WARN_64_TO_32_BIT_CONVERSION = YES;
				GCC_WARN_ABOUT_RETURN_TYPE = YES_ERROR;
				GCC_WARN_UNDECLARED_SELECTOR = YES;
				GCC_WARN_UNINITIALIZED_AUTOS = YES_AGGRESSIVE;
				GCC_WARN_UNUSED_FUNCTION = YES;
				GCC_WARN_UNUSED_VARIABLE = YES;
				IPHONEOS_DEPLOYMENT_TARGET = 16.1;
				MTL_ENABLE_DEBUG_INFO = INCLUDE_SOURCE;
				MTL_FAST_MATH = YES;
				ONLY_ACTIVE_ARCH = YES;
				SDKROOT = iphoneos;
				SWIFT_ACTIVE_COMPILATION_CONDITIONS = DEBUG;
				SWIFT_OPTIMIZATION_LEVEL = "-Onone";
			};
			name = Debug;
		};
		41549DEF29236F8000AD6E7F /* Release */ = {
			isa = XCBuildConfiguration;
			buildSettings = {
				ALWAYS_SEARCH_USER_PATHS = NO;
				CLANG_ANALYZER_NONNULL = YES;
				CLANG_ANALYZER_NUMBER_OBJECT_CONVERSION = YES_AGGRESSIVE;
				CLANG_CXX_LANGUAGE_STANDARD = "gnu++20";
				CLANG_ENABLE_MODULES = YES;
				CLANG_ENABLE_OBJC_ARC = YES;
				CLANG_ENABLE_OBJC_WEAK = YES;
				CLANG_WARN_BLOCK_CAPTURE_AUTORELEASING = YES;
				CLANG_WARN_BOOL_CONVERSION = YES;
				CLANG_WARN_COMMA = YES;
				CLANG_WARN_CONSTANT_CONVERSION = YES;
				CLANG_WARN_DEPRECATED_OBJC_IMPLEMENTATIONS = YES;
				CLANG_WARN_DIRECT_OBJC_ISA_USAGE = YES_ERROR;
				CLANG_WARN_DOCUMENTATION_COMMENTS = YES;
				CLANG_WARN_EMPTY_BODY = YES;
				CLANG_WARN_ENUM_CONVERSION = YES;
				CLANG_WARN_INFINITE_RECURSION = YES;
				CLANG_WARN_INT_CONVERSION = YES;
				CLANG_WARN_NON_LITERAL_NULL_CONVERSION = YES;
				CLANG_WARN_OBJC_IMPLICIT_RETAIN_SELF = YES;
				CLANG_WARN_OBJC_LITERAL_CONVERSION = YES;
				CLANG_WARN_OBJC_ROOT_CLASS = YES_ERROR;
				CLANG_WARN_QUOTED_INCLUDE_IN_FRAMEWORK_HEADER = YES;
				CLANG_WARN_RANGE_LOOP_ANALYSIS = YES;
				CLANG_WARN_STRICT_PROTOTYPES = YES;
				CLANG_WARN_SUSPICIOUS_MOVE = YES;
				CLANG_WARN_UNGUARDED_AVAILABILITY = YES_AGGRESSIVE;
				CLANG_WARN_UNREACHABLE_CODE = YES;
				CLANG_WARN__DUPLICATE_METHOD_MATCH = YES;
				COPY_PHASE_STRIP = NO;
				DEBUG_INFORMATION_FORMAT = "dwarf-with-dsym";
				ENABLE_NS_ASSERTIONS = NO;
				ENABLE_STRICT_OBJC_MSGSEND = YES;
				GCC_C_LANGUAGE_STANDARD = gnu11;
				GCC_NO_COMMON_BLOCKS = YES;
				GCC_WARN_64_TO_32_BIT_CONVERSION = YES;
				GCC_WARN_ABOUT_RETURN_TYPE = YES_ERROR;
				GCC_WARN_UNDECLARED_SELECTOR = YES;
				GCC_WARN_UNINITIALIZED_AUTOS = YES_AGGRESSIVE;
				GCC_WARN_UNUSED_FUNCTION = YES;
				GCC_WARN_UNUSED_VARIABLE = YES;
				IPHONEOS_DEPLOYMENT_TARGET = 16.1;
				MTL_ENABLE_DEBUG_INFO = NO;
				MTL_FAST_MATH = YES;
				SDKROOT = iphoneos;
				SWIFT_COMPILATION_MODE = wholemodule;
				SWIFT_OPTIMIZATION_LEVEL = "-O";
				VALIDATE_PRODUCT = YES;
			};
			name = Release;
		};
		41549DF129236F8000AD6E7F /* Debug */ = {
			isa = XCBuildConfiguration;
			buildSettings = {
				ALWAYS_EMBED_SWIFT_STANDARD_LIBRARIES = YES;
				ASSETCATALOG_COMPILER_APPICON_NAME = AppIcon;
				ASSETCATALOG_COMPILER_GLOBAL_ACCENT_COLOR_NAME = AccentColor;
				CODE_SIGN_ENTITLEMENTS = LiveActivityDemo/LiveActivityDemo.entitlements;
				CODE_SIGN_STYLE = Automatic;
				CURRENT_PROJECT_VERSION = 1;
				DEVELOPMENT_ASSET_PATHS = "\"LiveActivityDemo/Preview Content\"";
				DEVELOPMENT_TEAM = 3MJY223U56;
				ENABLE_PREVIEWS = YES;
				GENERATE_INFOPLIST_FILE = YES;
				INFOPLIST_FILE = LiveActivityDemo/Info.plist;
				INFOPLIST_KEY_NSSupportsLiveActivities = YES;
				INFOPLIST_KEY_UIApplicationSceneManifest_Generation = YES;
				INFOPLIST_KEY_UIApplicationSupportsIndirectInputEvents = YES;
				INFOPLIST_KEY_UILaunchScreen_Generation = YES;
				INFOPLIST_KEY_UISupportedInterfaceOrientations_iPad = "UIInterfaceOrientationPortrait UIInterfaceOrientationPortraitUpsideDown UIInterfaceOrientationLandscapeLeft UIInterfaceOrientationLandscapeRight";
				INFOPLIST_KEY_UISupportedInterfaceOrientations_iPhone = "UIInterfaceOrientationPortrait UIInterfaceOrientationLandscapeLeft UIInterfaceOrientationLandscapeRight";
				LD_RUNPATH_SEARCH_PATHS = (
					"$(inherited)",
					"@executable_path/Frameworks",
				);
				MARKETING_VERSION = 1.0;
				PRODUCT_BUNDLE_IDENTIFIER = ent.com.getui.demo;
				PRODUCT_NAME = "$(TARGET_NAME)";
				SWIFT_EMIT_LOC_STRINGS = YES;
				SWIFT_VERSION = 5.0;
				TARGETED_DEVICE_FAMILY = "1,2";
			};
			name = Debug;
		};
		41549DF229236F8000AD6E7F /* Release */ = {
			isa = XCBuildConfiguration;
			buildSettings = {
				ALWAYS_EMBED_SWIFT_STANDARD_LIBRARIES = YES;
				ASSETCATALOG_COMPILER_APPICON_NAME = AppIcon;
				ASSETCATALOG_COMPILER_GLOBAL_ACCENT_COLOR_NAME = AccentColor;
				CODE_SIGN_ENTITLEMENTS = LiveActivityDemo/LiveActivityDemo.entitlements;
				CODE_SIGN_STYLE = Automatic;
				CURRENT_PROJECT_VERSION = 1;
				DEVELOPMENT_ASSET_PATHS = "\"LiveActivityDemo/Preview Content\"";
				DEVELOPMENT_TEAM = 3MJY223U56;
				ENABLE_PREVIEWS = YES;
				GENERATE_INFOPLIST_FILE = YES;
				INFOPLIST_FILE = LiveActivityDemo/Info.plist;
				INFOPLIST_KEY_NSSupportsLiveActivities = YES;
				INFOPLIST_KEY_UIApplicationSceneManifest_Generation = YES;
				INFOPLIST_KEY_UIApplicationSupportsIndirectInputEvents = YES;
				INFOPLIST_KEY_UILaunchScreen_Generation = YES;
				INFOPLIST_KEY_UISupportedInterfaceOrientations_iPad = "UIInterfaceOrientationPortrait UIInterfaceOrientationPortraitUpsideDown UIInterfaceOrientationLandscapeLeft UIInterfaceOrientationLandscapeRight";
				INFOPLIST_KEY_UISupportedInterfaceOrientations_iPhone = "UIInterfaceOrientationPortrait UIInterfaceOrientationLandscapeLeft UIInterfaceOrientationLandscapeRight";
				LD_RUNPATH_SEARCH_PATHS = (
					"$(inherited)",
					"@executable_path/Frameworks",
				);
				MARKETING_VERSION = 1.0;
				PRODUCT_BUNDLE_IDENTIFIER = ent.com.getui.demo;
				PRODUCT_NAME = "$(TARGET_NAME)";
				SWIFT_EMIT_LOC_STRINGS = YES;
				SWIFT_VERSION = 5.0;
				TARGETED_DEVICE_FAMILY = "1,2";
			};
			name = Release;
		};
		41549E1429236FFB00AD6E7F /* Debug */ = {
			isa = XCBuildConfiguration;
			buildSettings = {
				ASSETCATALOG_COMPILER_GLOBAL_ACCENT_COLOR_NAME = AccentColor;
				ASSETCATALOG_COMPILER_WIDGET_BACKGROUND_COLOR_NAME = WidgetBackground;
				CODE_SIGN_ENTITLEMENTS = MyWidgetExtension.entitlements;
				CODE_SIGN_STYLE = Automatic;
				CURRENT_PROJECT_VERSION = 1;
				DEVELOPMENT_TEAM = 3MJY223U56;
				GENERATE_INFOPLIST_FILE = YES;
				INFOPLIST_FILE = MyWidget/Info.plist;
				INFOPLIST_KEY_CFBundleDisplayName = MyWidget;
				INFOPLIST_KEY_NSHumanReadableCopyright = "";
				INFOPLIST_KEY_NSSupportsLiveActivities = YES;
				LD_RUNPATH_SEARCH_PATHS = (
					"$(inherited)",
					"@executable_path/Frameworks",
					"@executable_path/../../Frameworks",
				);
				MARKETING_VERSION = 1.0;
				PRODUCT_BUNDLE_IDENTIFIER = ent.com.getui.demo.MyWidget;
				PRODUCT_NAME = "$(TARGET_NAME)";
				SKIP_INSTALL = YES;
				SWIFT_EMIT_LOC_STRINGS = YES;
				SWIFT_VERSION = 5.0;
				TARGETED_DEVICE_FAMILY = "1,2";
			};
			name = Debug;
		};
		41549E1529236FFB00AD6E7F /* Release */ = {
			isa = XCBuildConfiguration;
			buildSettings = {
				ASSETCATALOG_COMPILER_GLOBAL_ACCENT_COLOR_NAME = AccentColor;
				ASSETCATALOG_COMPILER_WIDGET_BACKGROUND_COLOR_NAME = WidgetBackground;
				CODE_SIGN_ENTITLEMENTS = MyWidgetExtension.entitlements;
				CODE_SIGN_STYLE = Automatic;
				CURRENT_PROJECT_VERSION = 1;
				DEVELOPMENT_TEAM = 3MJY223U56;
				GENERATE_INFOPLIST_FILE = YES;
				INFOPLIST_FILE = MyWidget/Info.plist;
				INFOPLIST_KEY_CFBundleDisplayName = MyWidget;
				INFOPLIST_KEY_NSHumanReadableCopyright = "";
				INFOPLIST_KEY_NSSupportsLiveActivities = YES;
				LD_RUNPATH_SEARCH_PATHS = (
					"$(inherited)",
					"@executable_path/Frameworks",
					"@executable_path/../../Frameworks",
				);
				MARKETING_VERSION = 1.0;
				PRODUCT_BUNDLE_IDENTIFIER = ent.com.getui.demo.MyWidget;
				PRODUCT_NAME = "$(TARGET_NAME)";
				SKIP_INSTALL = YES;
				SWIFT_EMIT_LOC_STRINGS = YES;
				SWIFT_VERSION = 5.0;
				TARGETED_DEVICE_FAMILY = "1,2";
			};
			name = Release;
		};
/* End XCBuildConfiguration section */

/* Begin XCConfigurationList section */
		41549DDD29236F7F00AD6E7F /* Build configuration list for PBXProject "LiveActivityDemo" */ = {
			isa = XCConfigurationList;
			buildConfigurations = (
				41549DEE29236F8000AD6E7F /* Debug */,
				41549DEF29236F8000AD6E7F /* Release */,
			);
			defaultConfigurationIsVisible = 0;
			defaultConfigurationName = Release;
		};
		41549DF029236F8000AD6E7F /* Build configuration list for PBXNativeTarget "LiveActivityDemo" */ = {
			isa = XCConfigurationList;
			buildConfigurations = (
				41549DF129236F8000AD6E7F /* Debug */,
				41549DF229236F8000AD6E7F /* Release */,
			);
			defaultConfigurationIsVisible = 0;
			defaultConfigurationName = Release;
		};
		41549E1329236FFB00AD6E7F /* Build configuration list for PBXNativeTarget "MyWidgetExtension" */ = {
			isa = XCConfigurationList;
			buildConfigurations = (
				41549E1429236FFB00AD6E7F /* Debug */,
				41549E1529236FFB00AD6E7F /* Release */,
			);
			defaultConfigurationIsVisible = 0;
			defaultConfigurationName = Release;
		};
/* End XCConfigurationList section */
	};
	rootObject = 41549DDA29236F7F00AD6E7F /* Project object */;
}
